
Microsoft Visual Studio Solution File, Format Version 12.00
# Visual Studio 15
VisualStudioVersion = 15.0.28307.572
MinimumVisualStudioVersion = 10.0.40219.1
Project("{8BC9CEB8-8B4A-11D0-8D11-00A0C91BC942}") = "O2ServerEmu", "O2ServerEmu\O2ServerEmu.vcxproj", "{7CC7DB2B-2F18-4F6F-9DAA-31C19F26A801}"
EndProject
Global
	GlobalSection(SolutionConfigurationPlatforms) = preSolution
		Debug|x64 = Debug|x64
		Debug|x86 = Debug|x86
		Release|x64 = Release|x64
		Release|x86 = Release|x86
	EndGlobalSection
	GlobalSection(ProjectConfigurationPlatforms) = postSolution
		{7CC7DB2B-2F18-4F6F-9DAA-31C19F26A801}.Debug|x64.ActiveCfg = Debug|x64
		{7CC7DB2B-2F18-4F6F-9DAA-31C19F26A801}.Debug|x64.Build.0 = Debug|x64
		{7CC7DB2B-2F18-4F6F-9DAA-31C19F26A801}.Debug|x86.ActiveCfg = Debug|Win32
		{7CC7DB2B-2F18-4F6F-9DAA-31C19F26A801}.Debug|x86.Build.0 = Debug|Win32
		{7CC7DB2B-2F18-4F6F-9DAA-31C19F26A801}.Release|x64.ActiveCfg = Release|x64
		{7CC7DB2B-2F18-4F6F-9DAA-31C19F26A801}.Release|x64.Build.0 = Release|x64
		{7CC7DB2B-2F18-4F6F-9DAA-31C19F26A801}.Release|x86.ActiveCfg = Release|Win32
		{7CC7DB2B-2F18-4F6F-9DAA-31C19F26A801}.Release|x86.Build.0 = Release|Win32
	EndGlobalSection
	GlobalSection(SolutionProperties) = preSolution
		HideSolutionNode = FALSE
	EndGlobalSection
	GlobalSection(ExtensibilityGlobals) = postSolution
		SolutionGuid = {DEFD20BC-4038-4348-ACF9-0FF334165D52}
	EndGlobalSection
EndGlobal
